
Microsoft Visual Studio Solution File, Format Version 12.00
# Visual Studio Version 16
VisualStudioVersion = 16.0.28315.86
MinimumVisualStudioVersion = 10.0.40219.1
Project("{9A19103F-16F7-4668-BE54-9A1E7A4F7556}") = "DevExpress.DevAV", "DevExpress.DevAV.csproj", "{76AE4911-338A-43CA-81B9-C043FBB3B31E}"
EndProject
Global
	GlobalSection(SolutionConfigurationPlatforms) = preSolution
		Debug|Any CPU = Debug|Any CPU
		Release|Any CPU = Release|Any CPU
	EndGlobalSection
	GlobalSection(ProjectConfigurationPlatforms) = postSolution
		{76AE4911-338A-43CA-81B9-C043FBB3B31E}.Debug|Any CPU.ActiveCfg = Debug|Any CPU
		{76AE4911-338A-43CA-81B9-C043FBB3B31E}.Debug|Any CPU.Build.0 = Debug|Any CPU
		{76AE4911-338A-43CA-81B9-C043FBB3B31E}.Release|Any CPU.ActiveCfg = Release|Any CPU
		{76AE4911-338A-43CA-81B9-C043FBB3B31E}.Release|Any CPU.Build.0 = Release|Any CPU
	EndGlobalSection
	GlobalSection(SolutionProperties) = preSolution
		HideSolutionNode = FALSE
	EndGlobalSection
	GlobalSection(ExtensibilityGlobals) = postSolution
		SolutionGuid = {3FA2356F-A04A-43E2-9503-EFCD1578EB97}
	EndGlobalSection
EndGlobal
