
Microsoft Visual Studio Solution File, Format Version 12.00
# Visual Studio Version 16
VisualStudioVersion = 16.0.28803.202
MinimumVisualStudioVersion = 10.0.40219.1
Project("{9A19103F-16F7-4668-BE54-9A1E7A4F7556}") = "DevExpress.DevAV.Data", "DevExpress.DevAV\DevExpress.DevAV.Data\DevExpress.DevAV.Data.csproj", "{81BE8E61-B408-490D-BFB4-EFC2ABAC9B1F}"
EndProject
Project("{9A19103F-16F7-4668-BE54-9A1E7A4F7556}") = "DevExpress.DevAV.Reports", "DevExpress.DevAV\DevExpress.DevAV.Reports\DevExpress.DevAV.Reports.csproj", "{0C1E2088-333A-4F3B-B1C5-4BC5DBFC3482}"
EndProject
Project("{9A19103F-16F7-4668-BE54-9A1E7A4F7556}") = "DevExpress.OutlookInspiredApp", "DevExpress.OutlookInspiredApp\DevExpress.OutlookInspiredApp.csproj", "{3932816E-D0B4-08A9-2715-8D5B7DC201D8}"
EndProject
Global
	GlobalSection(SolutionConfigurationPlatforms) = preSolution
		Debug|Any CPU = Debug|Any CPU
		Release|Any CPU = Release|Any CPU
	EndGlobalSection
	GlobalSection(ProjectConfigurationPlatforms) = postSolution
		{81BE8E61-B408-490D-BFB4-EFC2ABAC9B1F}.Debug|Any CPU.ActiveCfg = Debug|Any CPU
		{81BE8E61-B408-490D-BFB4-EFC2ABAC9B1F}.Debug|Any CPU.Build.0 = Debug|Any CPU
		{81BE8E61-B408-490D-BFB4-EFC2ABAC9B1F}.Release|Any CPU.ActiveCfg = Release|Any CPU
		{81BE8E61-B408-490D-BFB4-EFC2ABAC9B1F}.Release|Any CPU.Build.0 = Release|Any CPU
		{0C1E2088-333A-4F3B-B1C5-4BC5DBFC3482}.Debug|Any CPU.ActiveCfg = Debug|Any CPU
		{0C1E2088-333A-4F3B-B1C5-4BC5DBFC3482}.Debug|Any CPU.Build.0 = Debug|Any CPU
		{0C1E2088-333A-4F3B-B1C5-4BC5DBFC3482}.Release|Any CPU.ActiveCfg = Release|Any CPU
		{0C1E2088-333A-4F3B-B1C5-4BC5DBFC3482}.Release|Any CPU.Build.0 = Release|Any CPU
		{3932816E-D0B4-08A9-2715-8D5B7DC201D8}.Debug|Any CPU.ActiveCfg = Debug|Any CPU
		{3932816E-D0B4-08A9-2715-8D5B7DC201D8}.Debug|Any CPU.Build.0 = Debug|Any CPU
		{3932816E-D0B4-08A9-2715-8D5B7DC201D8}.Release|Any CPU.ActiveCfg = Release|Any CPU
		{3932816E-D0B4-08A9-2715-8D5B7DC201D8}.Release|Any CPU.Build.0 = Release|Any CPU
	EndGlobalSection
	GlobalSection(SolutionProperties) = preSolution
		HideSolutionNode = FALSE
	EndGlobalSection
	GlobalSection(ExtensibilityGlobals) = postSolution
		SolutionGuid = {CE287ABD-E97B-44B7-97A5-5D03A23956C5}
	EndGlobalSection
EndGlobal
